
Microsoft Visual Studio Solution File, Format Version 12.00
# Visual Studio 15
Project("{FAE04EC0-301F-11D3-BF4B-00C04F79EFBC}") = "Assembly-CSharp", "Assembly-CSharp.csproj", "{62467F19-4057-1203-7190-CED3A798BA27}"
EndProject
Global
	GlobalSection(SolutionConfigurationPlatforms) = preSolution
		Debug|Any CPU = Debug|Any CPU
		Release|Any CPU = Release|Any CPU
	EndGlobalSection
	GlobalSection(ProjectConfigurationPlatforms) = postSolution
		{62467F19-4057-1203-7190-CED3A798BA27}.Debug|Any CPU.ActiveCfg = Debug|Any CPU
		{62467F19-4057-1203-7190-CED3A798BA27}.Debug|Any CPU.Build.0 = Debug|Any CPU
		{62467F19-4057-1203-7190-CED3A798BA27}.Release|Any CPU.ActiveCfg = Release|Any CPU
		{62467F19-4057-1203-7190-CED3A798BA27}.Release|Any CPU.Build.0 = Release|Any CPU
	EndGlobalSection
	GlobalSection(SolutionProperties) = preSolution
		HideSolutionNode = FALSE
	EndGlobalSection
EndGlobal
